# THIS IS AN AUTOGENERATED FILE. DO NOT EDIT THIS FILE DIRECTLY.
# yarn lockfile v1


"@wojtekmaj/date-utils@^1.1.3", "@wojtekmaj/date-utils@^1.5.0":
  version "1.5.1"
  resolved "https://registry.npmmirror.com/@wojtekmaj/date-utils/-/date-utils-1.5.1.tgz#c3cd67177ac781cfa5736219d702a55a2aea5f2b"
  integrity sha512-+i7+JmNiE/3c9FKxzWFi2IjRJ+KzZl1QPu6QNrsgaa2MuBgXvUy4gA1TVzf/JMdIIloB76xSKikTWuyYAIVLww==

asynckit@^0.4.0:
  version "0.4.0"
  resolved "https://registry.npmmirror.com/asynckit/-/asynckit-0.4.0.tgz"
  integrity sha512-Oei9OH4tRh0YqU3GxhX79dM/mwVgvbZJaSNaRk+bshkj0S5cfHcgYakreBjrHwatXKbz+IoIdYLxrKim2MjW0Q==

axios@^1.7.9:
  version "1.7.9"
  resolved "https://registry.npmmirror.com/axios/-/axios-1.7.9.tgz"
  integrity sha512-LhLcE7Hbiryz8oMDdDptSrWowmB4Bl6RCt6sIJKpRB4XtVf0iEgewX3au/pJqm+Py1kCASkb/FFKjxQaLtxJvw==
  dependencies:
    follow-redirects "^1.15.6"
    form-data "^4.0.0"
    proxy-from-env "^1.1.0"

clsx@^2.0.0:
  version "2.1.1"
  resolved "https://registry.npmmirror.com/clsx/-/clsx-2.1.1.tgz#eed397c9fd8bd882bfb18deab7102049a2f32999"
  integrity sha512-eYm0QWBtUrBWZWG0d386OGAw16Z995PiOVo2B7bjWSbHedGl5e0ZWaq65kOGgUSNesEIDkB9ISbTg/JK9dhCZA==

combined-stream@^1.0.8:
  version "1.0.8"
  resolved "https://registry.npmmirror.com/combined-stream/-/combined-stream-1.0.8.tgz"
  integrity sha512-FQN4MRfuJeHf7cBbBMJFXhKSDq+2kAArBlmRBvcvFE5BB1HZKXtSFASDhdlz9zOYwxh8lDdnvmMOe/+5cdoEdg==
  dependencies:
    delayed-stream "~1.0.0"

delayed-stream@~1.0.0:
  version "1.0.0"
  resolved "https://registry.npmmirror.com/delayed-stream/-/delayed-stream-1.0.0.tgz"
  integrity sha512-ZySD7Nf91aLB0RxL4KGrKHBXl7Eds1DAmEdcoVawXnLD7SDhpNgtuII2aAkg7a7QS41jxPSZ17p4VdGnMHk3MQ==

detect-element-overflow@^1.4.0:
  version "1.4.2"
  resolved "https://registry.npmmirror.com/detect-element-overflow/-/detect-element-overflow-1.4.2.tgz#2e48509e5aa07647f4335b5f4f52c146b92f99c5"
  integrity sha512-4m6cVOtvm/GJLjo7WFkPfwXoEIIbM7GQwIh4WEa4g7IsNi1YzwUsGL5ApNLrrHL29bHeNeQ+/iZhw+YHqgE2Fw==

follow-redirects@^1.15.6:
  version "1.15.9"
  resolved "https://registry.npmmirror.com/follow-redirects/-/follow-redirects-1.15.9.tgz"
  integrity sha512-gew4GsXizNgdoRyqmyfMHyAmXsZDk6mHkSxZFCzW9gwlbtOW44CDtYavM+y+72qD/Vq2l550kMF52DT8fOLJqQ==

form-data@^4.0.0:
  version "4.0.1"
  resolved "https://registry.npmmirror.com/form-data/-/form-data-4.0.1.tgz"
  integrity sha512-tzN8e4TX8+kkxGPK8D5u0FNmjPUjw3lwC9lSLxxoB/+GtsJG91CO8bSWy73APlgAZzZbXEYZJuxjkHH2w+Ezhw==
  dependencies:
    asynckit "^0.4.0"
    combined-stream "^1.0.8"
    mime-types "^2.1.12"

get-user-locale@^2.2.1:
  version "2.3.2"
  resolved "https://registry.npmmirror.com/get-user-locale/-/get-user-locale-2.3.2.tgz#d37ae6e670c2b57d23a96fb4d91e04b2059d52cf"
  integrity sha512-O2GWvQkhnbDoWFUJfaBlDIKUEdND8ATpBXD6KXcbhxlfktyD/d8w6mkzM/IlQEqGZAMz/PW6j6Hv53BiigKLUQ==
  dependencies:
    mem "^8.0.0"

"js-tokens@^3.0.0 || ^4.0.0":
  version "4.0.0"
  resolved "https://registry.npmmirror.com/js-tokens/-/js-tokens-4.0.0.tgz#19203fb59991df98e3a287050d4647cdeaf32499"
  integrity sha512-RdJUflcE3cUzKiMqQgsCu06FPu9UdIJO0beYbPhHN4k6apgJtifcoCtT9bcxOpYBtpD2kCM6Sbzg4CausW/PKQ==

loose-envify@^1.0.0:
  version "1.4.0"
  resolved "https://registry.npmmirror.com/loose-envify/-/loose-envify-1.4.0.tgz#71ee51fa7be4caec1a63839f7e682d8132d30caf"
  integrity sha512-lyuxPGr/Wfhrlem2CL/UcnUc1zcqKAImBDzukY7Y5F/yQiNdko6+fRLevlw1HgMySw7f611UIY408EtxRSoK3Q==
  dependencies:
    js-tokens "^3.0.0 || ^4.0.0"

make-event-props@^1.6.0:
  version "1.6.2"
  resolved "https://registry.npmmirror.com/make-event-props/-/make-event-props-1.6.2.tgz#c8e0e48eb28b9b808730de38359f6341de7ec5a2"
  integrity sha512-iDwf7mA03WPiR8QxvcVHmVWEPfMY1RZXerDVNCRYW7dUr2ppH3J58Rwb39/WG39yTZdRSxr3x+2v22tvI0VEvA==

map-age-cleaner@^0.1.3:
  version "0.1.3"
  resolved "https://registry.npmmirror.com/map-age-cleaner/-/map-age-cleaner-0.1.3.tgz#7d583a7306434c055fe474b0f45078e6e1b4b92a"
  integrity sha512-bJzx6nMoP6PDLPBFmg7+xRKeFZvFboMrGlxmNj9ClvX53KrmvM5bXFXEWjbz4cz1AFn+jWJ9z/DJSz7hrs0w3w==
  dependencies:
    p-defer "^1.0.0"

mem@^8.0.0:
  version "8.1.1"
  resolved "https://registry.npmmirror.com/mem/-/mem-8.1.1.tgz#cf118b357c65ab7b7e0817bdf00c8062297c0122"
  integrity sha512-qFCFUDs7U3b8mBDPyz5EToEKoAkgCzqquIgi9nkkR9bixxOVOre+09lbuH7+9Kn2NFpm56M3GUWVbU2hQgdACA==
  dependencies:
    map-age-cleaner "^0.1.3"
    mimic-fn "^3.1.0"

mime-db@1.52.0:
  version "1.52.0"
  resolved "https://registry.npmmirror.com/mime-db/-/mime-db-1.52.0.tgz"
  integrity sha512-sPU4uV7dYlvtWJxwwxHD0PuihVNiE7TyAbQ5SWxDCB9mUYvOgroQOwYQQOKPJ8CIbE+1ETVlOoK1UC2nU3gYvg==

mime-types@^2.1.12:
  version "2.1.35"
  resolved "https://registry.npmmirror.com/mime-types/-/mime-types-2.1.35.tgz"
  integrity sha512-ZDY+bPm5zTTF+YpCrAU9nK0UgICYPT0QtT1NZWFv4s++TNkcgVaT0g6+4R2uI4MjQjzysHB1zxuWL50hzaeXiw==
  dependencies:
    mime-db "1.52.0"

mimic-fn@^3.1.0:
  version "3.1.0"
  resolved "https://registry.npmmirror.com/mimic-fn/-/mimic-fn-3.1.0.tgz#65755145bbf3e36954b949c16450427451d5ca74"
  integrity sha512-Ysbi9uYW9hFyfrThdDEQuykN4Ey6BuwPD2kpI5ES/nFTDn/98yxYNLZJcgUAKPT/mcrLLKaGzJR9YVxJrIdASQ==

p-defer@^1.0.0:
  version "1.0.0"
  resolved "https://registry.npmmirror.com/p-defer/-/p-defer-1.0.0.tgz#9f6eb182f6c9aa8cd743004a7d4f96b196b0fb0c"
  integrity sha512-wB3wfAxZpk2AzOfUMJNL+d36xothRSyj8EXOa4f6GMqYDN9BJaaSISbsk+wS9abmnebVw95C2Kb5t85UmpCxuw==

proxy-from-env@^1.1.0:
  version "1.1.0"
  resolved "https://registry.npmmirror.com/proxy-from-env/-/proxy-from-env-1.1.0.tgz"
  integrity sha512-D+zkORCbA9f1tdWRK0RaCR3GPv50cMxcrz4X8k5LTSUD1Dkw47mKJEZQNunItRTkWwgtaUSo1RVFRIG9ZXiFYg==

react-calendar@^5.0.0:
  version "5.1.0"
  resolved "https://registry.npmmirror.com/react-calendar/-/react-calendar-5.1.0.tgz#f5d3342a872cbb8907099ca5651bc936046033b8"
  integrity sha512-09o/rQHPZGEi658IXAJtWfra1N69D1eFnuJ3FQm9qUVzlzNnos1+GWgGiUeSs22QOpNm32aoVFOimq0p3Ug9Eg==
  dependencies:
    "@wojtekmaj/date-utils" "^1.1.3"
    clsx "^2.0.0"
    get-user-locale "^2.2.1"
    warning "^4.0.0"

react-clock@^5.0.0:
  version "5.1.0"
  resolved "https://registry.npmmirror.com/react-clock/-/react-clock-5.1.0.tgz#e47425ebb6cdfdda4741441576b2c386e17c3a19"
  integrity sha512-DKmr29VOK6M8wpbzGUZZa9PwGnG9uC6QXtDLwGwcc2r3vdS/HxNhf5xMMjudXLk7m096mNJQf7AgfjiDpzAYYw==
  dependencies:
    "@wojtekmaj/date-utils" "^1.5.0"
    clsx "^2.0.0"
    get-user-locale "^2.2.1"

react-date-picker@^11.0.0:
  version "11.0.0"
  resolved "https://registry.npmmirror.com/react-date-picker/-/react-date-picker-11.0.0.tgz#f7dc25e9a679f94ad44f11644ea0fdc541be1834"
  integrity sha512-l+siu5HSZ/ciGL1293KCAHl4o9aD5rw16V4tB0C43h7QbMv2dWGgj7Dxgt8iztLaPVtEfOt/+sxNiTYw4WVq6A==
  dependencies:
    "@wojtekmaj/date-utils" "^1.1.3"
    clsx "^2.0.0"
    get-user-locale "^2.2.1"
    make-event-props "^1.6.0"
    react-calendar "^5.0.0"
    react-fit "^2.0.0"
    update-input-width "^1.4.0"

react-datetime-picker@^6.0.1:
  version "6.0.1"
  resolved "https://registry.npmmirror.com/react-datetime-picker/-/react-datetime-picker-6.0.1.tgz#7a88ba84cdccd5096029965966723d74a0461535"
  integrity sha512-G7W8bK0SLuO66RVWYGD2q1bD4Wk4pUOpJCq9r44A4P33uq0aAtd3dT1HNEu2fvlmMpYxC4J571ZPI9bUG46pDA==
  dependencies:
    "@wojtekmaj/date-utils" "^1.1.3"
    clsx "^2.0.0"
    get-user-locale "^2.2.1"
    make-event-props "^1.6.0"
    react-calendar "^5.0.0"
    react-clock "^5.0.0"
    react-date-picker "^11.0.0"
    react-fit "^2.0.0"
    react-time-picker "^7.0.0"

react-fit@^2.0.0:
  version "2.0.1"
  resolved "https://registry.npmmirror.com/react-fit/-/react-fit-2.0.1.tgz#4bcb4de7aa94c9fdf452b0c63de0889496f50244"
  integrity sha512-Eip6ALs/+6Jv82Si0I9UnfysdwVlAhkkZRycgmMdnj7jwUg69SVFp84ICxwB8zszkfvJJ2MGAAo9KAYM8ZUykQ==
  dependencies:
    detect-element-overflow "^1.4.0"
    warning "^4.0.0"

react-hook-form@^7.54.2:
  version "7.54.2"
  resolved "https://registry.npmmirror.com/react-hook-form/-/react-hook-form-7.54.2.tgz"
  integrity sha512-eHpAUgUjWbZocoQYUHposymRb4ZP6d0uwUnooL2uOybA9/3tPUvoAKqEWK1WaSiTxxOfTpffNZP7QwlnM3/gEg==

react-time-picker@^7.0.0:
  version "7.0.0"
  resolved "https://registry.npmmirror.com/react-time-picker/-/react-time-picker-7.0.0.tgz#3f9d80d2de8a8ffc57c41dd71095477f6a7ffc03"
  integrity sha512-k6mUjkI+OsY73mg0yjMxqkLXv/UXR1LN7AARNqfyGZOwqHqo1JrjL3lLHTHWQ86HmPTBL/dZACbIX/fV1NLmWg==
  dependencies:
    "@wojtekmaj/date-utils" "^1.1.3"
    clsx "^2.0.0"
    get-user-locale "^2.2.1"
    make-event-props "^1.6.0"
    react-clock "^5.0.0"
    react-fit "^2.0.0"
    update-input-width "^1.4.0"

update-input-width@^1.4.0:
  version "1.4.2"
  resolved "https://registry.npmmirror.com/update-input-width/-/update-input-width-1.4.2.tgz#49d327a39395185b0fd440b9c3b1d6f81173655c"
  integrity sha512-/p0XLhrQQQ4bMWD7bL9duYObwYCO1qGr8R19xcMmoMSmXuQ7/1//veUnCObQ7/iW6E2pGS6rFkS4TfH4ur7e/g==

warning@^4.0.0:
  version "4.0.3"
  resolved "https://registry.npmmirror.com/warning/-/warning-4.0.3.tgz#16e9e077eb8a86d6af7d64aa1e05fd85b4678ca3"
  integrity sha512-rpJyN222KWIvHJ/F53XSZv0Zl/accqHR8et1kpaMTD/fLCRxtV8iX8czMzY7sVZupTI3zcUTg8eycS2kNF9l6w==
  dependencies:
    loose-envify "^1.0.0"
